
Microsoft Visual Studio Solution File, Format Version 12.00
# Visual Studio Version 16
VisualStudioVersion = 16.0.29911.84
MinimumVisualStudioVersion = 10.0.40219.1
Project("{FAE04EC0-301F-11D3-BF4B-00C04F79EFBC}") = "BBTeamManagerReact", "BBTeamManagerReact\BBTeamManagerReact.csproj", "{4CF0E24C-BF10-495B-984D-A12DD3C40F3B}"
EndProject
Global
	GlobalSection(SolutionConfigurationPlatforms) = preSolution
		Debug|Any CPU = Debug|Any CPU
		Release|Any CPU = Release|Any CPU
	EndGlobalSection
	GlobalSection(ProjectConfigurationPlatforms) = postSolution
		{4CF0E24C-BF10-495B-984D-A12DD3C40F3B}.Debug|Any CPU.ActiveCfg = Debug|Any CPU
		{4CF0E24C-BF10-495B-984D-A12DD3C40F3B}.Debug|Any CPU.Build.0 = Debug|Any CPU
		{4CF0E24C-BF10-495B-984D-A12DD3C40F3B}.Release|Any CPU.ActiveCfg = Release|Any CPU
		{4CF0E24C-BF10-495B-984D-A12DD3C40F3B}.Release|Any CPU.Build.0 = Release|Any CPU
	EndGlobalSection
	GlobalSection(SolutionProperties) = preSolution
		HideSolutionNode = FALSE
	EndGlobalSection
	GlobalSection(ExtensibilityGlobals) = postSolution
		SolutionGuid = {4DE3756F-982A-47B4-B835-DF7AB1A71801}
	EndGlobalSection
EndGlobal
